// !$*UTF8*$!
{
	archiveVersion = 1;
	classes = {
	};
	objectVersion = 56;
	objects = {

/* Begin PBXBuildFile section */
		31EA855E2AE8187F003ABC42 /* ToDoListApp.swift in Sources */ = {isa = PBXBuildFile; fileRef = 31EA855D2AE8187F003ABC42 /* ToDoListApp.swift */; };
		31EA85602AE8187F003ABC42 /* MainView.swift in Sources */ = {isa = PBXBuildFile; fileRef = 31EA855F2AE8187F003ABC42 /* MainView.swift */; };
		31EA85622AE81880003ABC42 /* Assets.xcassets in Resources */ = {isa = PBXBuildFile; fileRef = 31EA85612AE81880003ABC42 /* Assets.xcassets */; };
		31EA85652AE81880003ABC42 /* Preview Assets.xcassets in Resources */ = {isa = PBXBuildFile; fileRef = 31EA85642AE81880003ABC42 /* Preview Assets.xcassets */; };
		31EA856F2AE81880003ABC42 /* ToDoListTests.swift in Sources */ = {isa = PBXBuildFile; fileRef = 31EA856E2AE81880003ABC42 /* ToDoListTests.swift */; };
		31EA85792AE81880003ABC42 /* ToDoListUITests.swift in Sources */ = {isa = PBXBuildFile; fileRef = 31EA85782AE81880003ABC42 /* ToDoListUITests.swift */; };
		31EA857B2AE81880003ABC42 /* ToDoListUITestsLaunchTests.swift in Sources */ = {isa = PBXBuildFile; fileRef = 31EA857A2AE81880003ABC42 /* ToDoListUITestsLaunchTests.swift */; };
		31EA85882AE81AD7003ABC42 /* GoogleService-Info.plist in Resources */ = {isa = PBXBuildFile; fileRef = 31EA85872AE81AD7003ABC42 /* GoogleService-Info.plist */; };
		31EA85892AE81AD7003ABC42 /* GoogleService-Info.plist in Resources */ = {isa = PBXBuildFile; fileRef = 31EA85872AE81AD7003ABC42 /* GoogleService-Info.plist */; };
		31EA858A2AE81AD7003ABC42 /* GoogleService-Info.plist in Resources */ = {isa = PBXBuildFile; fileRef = 31EA85872AE81AD7003ABC42 /* GoogleService-Info.plist */; };
		31EA858D2AE81B8E003ABC42 /* FirebaseAnalytics in Frameworks */ = {isa = PBXBuildFile; productRef = 31EA858C2AE81B8E003ABC42 /* FirebaseAnalytics */; };
		31EA858F2AE81B8E003ABC42 /* FirebaseAnalyticsOnDeviceConversion in Frameworks */ = {isa = PBXBuildFile; productRef = 31EA858E2AE81B8E003ABC42 /* FirebaseAnalyticsOnDeviceConversion */; };
		31EA85912AE81B8E003ABC42 /* FirebaseAnalyticsSwift in Frameworks */ = {isa = PBXBuildFile; productRef = 31EA85902AE81B8E003ABC42 /* FirebaseAnalyticsSwift */; };
		31EA85932AE81B8E003ABC42 /* FirebaseAnalyticsWithoutAdIdSupport in Frameworks */ = {isa = PBXBuildFile; productRef = 31EA85922AE81B8E003ABC42 /* FirebaseAnalyticsWithoutAdIdSupport */; };
		31EA85952AE81B8E003ABC42 /* FirebaseAppCheck in Frameworks */ = {isa = PBXBuildFile; productRef = 31EA85942AE81B8E003ABC42 /* FirebaseAppCheck */; };
		31EA85972AE81B8E003ABC42 /* FirebaseAuth in Frameworks */ = {isa = PBXBuildFile; productRef = 31EA85962AE81B8E003ABC42 /* FirebaseAuth */; };
		31EA85992AE81B8E003ABC42 /* FirebaseFirestore in Frameworks */ = {isa = PBXBuildFile; productRef = 31EA85982AE81B8E003ABC42 /* FirebaseFirestore */; };
		31EA859B2AE81B8E003ABC42 /* FirebaseFirestoreSwift in Frameworks */ = {isa = PBXBuildFile; productRef = 31EA859A2AE81B8E003ABC42 /* FirebaseFirestoreSwift */; };
		31EA85A12AE82064003ABC42 /* ProfileView.swift in Sources */ = {isa = PBXBuildFile; fileRef = 31EA85A02AE82064003ABC42 /* ProfileView.swift */; };
		31EA85A22AE82064003ABC42 /* ProfileView.swift in Sources */ = {isa = PBXBuildFile; fileRef = 31EA85A02AE82064003ABC42 /* ProfileView.swift */; };
		31EA85A32AE82064003ABC42 /* ProfileView.swift in Sources */ = {isa = PBXBuildFile; fileRef = 31EA85A02AE82064003ABC42 /* ProfileView.swift */; };
		31EA85A52AE82071003ABC42 /* TodoListView.swift in Sources */ = {isa = PBXBuildFile; fileRef = 31EA85A42AE82071003ABC42 /* TodoListView.swift */; };
		31EA85A62AE82071003ABC42 /* TodoListView.swift in Sources */ = {isa = PBXBuildFile; fileRef = 31EA85A42AE82071003ABC42 /* TodoListView.swift */; };
		31EA85A72AE82071003ABC42 /* TodoListView.swift in Sources */ = {isa = PBXBuildFile; fileRef = 31EA85A42AE82071003ABC42 /* TodoListView.swift */; };
		31EA85A92AE82084003ABC42 /* NewItemView.swift in Sources */ = {isa = PBXBuildFile; fileRef = 31EA85A82AE82084003ABC42 /* NewItemView.swift */; };
		31EA85AA2AE82084003ABC42 /* NewItemView.swift in Sources */ = {isa = PBXBuildFile; fileRef = 31EA85A82AE82084003ABC42 /* NewItemView.swift */; };
		31EA85AB2AE82084003ABC42 /* NewItemView.swift in Sources */ = {isa = PBXBuildFile; fileRef = 31EA85A82AE82084003ABC42 /* NewItemView.swift */; };
		31EA85AD2AE8208E003ABC42 /* LoginView.swift in Sources */ = {isa = PBXBuildFile; fileRef = 31EA85AC2AE8208E003ABC42 /* LoginView.swift */; };
		31EA85AE2AE8208E003ABC42 /* LoginView.swift in Sources */ = {isa = PBXBuildFile; fileRef = 31EA85AC2AE8208E003ABC42 /* LoginView.swift */; };
		31EA85AF2AE8208E003ABC42 /* LoginView.swift in Sources */ = {isa = PBXBuildFile; fileRef = 31EA85AC2AE8208E003ABC42 /* LoginView.swift */; };
		31EA85B12AE82095003ABC42 /* RegisterView.swift in Sources */ = {isa = PBXBuildFile; fileRef = 31EA85B02AE82095003ABC42 /* RegisterView.swift */; };
		31EA85B22AE82095003ABC42 /* RegisterView.swift in Sources */ = {isa = PBXBuildFile; fileRef = 31EA85B02AE82095003ABC42 /* RegisterView.swift */; };
		31EA85B32AE82095003ABC42 /* RegisterView.swift in Sources */ = {isa = PBXBuildFile; fileRef = 31EA85B02AE82095003ABC42 /* RegisterView.swift */; };
		31EA85B52AE820BE003ABC42 /* TodoListItemView.swift in Sources */ = {isa = PBXBuildFile; fileRef = 31EA85B42AE820BE003ABC42 /* TodoListItemView.swift */; };
		31EA85B62AE820BE003ABC42 /* TodoListItemView.swift in Sources */ = {isa = PBXBuildFile; fileRef = 31EA85B42AE820BE003ABC42 /* TodoListItemView.swift */; };
		31EA85B72AE820BE003ABC42 /* TodoListItemView.swift in Sources */ = {isa = PBXBuildFile; fileRef = 31EA85B42AE820BE003ABC42 /* TodoListItemView.swift */; };
		31EA85B92AE8223F003ABC42 /* User.swift in Sources */ = {isa = PBXBuildFile; fileRef = 31EA85B82AE8223F003ABC42 /* User.swift */; };
		31EA85BA2AE8223F003ABC42 /* User.swift in Sources */ = {isa = PBXBuildFile; fileRef = 31EA85B82AE8223F003ABC42 /* User.swift */; };
		31EA85BB2AE8223F003ABC42 /* User.swift in Sources */ = {isa = PBXBuildFile; fileRef = 31EA85B82AE8223F003ABC42 /* User.swift */; };
		31EA85BD2AE82246003ABC42 /* TodoListItem.swift in Sources */ = {isa = PBXBuildFile; fileRef = 31EA85BC2AE82246003ABC42 /* TodoListItem.swift */; };
		31EA85BE2AE82246003ABC42 /* TodoListItem.swift in Sources */ = {isa = PBXBuildFile; fileRef = 31EA85BC2AE82246003ABC42 /* TodoListItem.swift */; };
		31EA85BF2AE82246003ABC42 /* TodoListItem.swift in Sources */ = {isa = PBXBuildFile; fileRef = 31EA85BC2AE82246003ABC42 /* TodoListItem.swift */; };
		31EA85C12AE82265003ABC42 /* MainViewViewModel.swift in Sources */ = {isa = PBXBuildFile; fileRef = 31EA85C02AE82265003ABC42 /* MainViewViewModel.swift */; };
		31EA85C22AE82265003ABC42 /* MainViewViewModel.swift in Sources */ = {isa = PBXBuildFile; fileRef = 31EA85C02AE82265003ABC42 /* MainViewViewModel.swift */; };
		31EA85C32AE82265003ABC42 /* MainViewViewModel.swift in Sources */ = {isa = PBXBuildFile; fileRef = 31EA85C02AE82265003ABC42 /* MainViewViewModel.swift */; };
		31EA85C52AE82274003ABC42 /* ProfileViewViewModel.swift in Sources */ = {isa = PBXBuildFile; fileRef = 31EA85C42AE82274003ABC42 /* ProfileViewViewModel.swift */; };
		31EA85C62AE82274003ABC42 /* ProfileViewViewModel.swift in Sources */ = {isa = PBXBuildFile; fileRef = 31EA85C42AE82274003ABC42 /* ProfileViewViewModel.swift */; };
		31EA85C72AE82274003ABC42 /* ProfileViewViewModel.swift in Sources */ = {isa = PBXBuildFile; fileRef = 31EA85C42AE82274003ABC42 /* ProfileViewViewModel.swift */; };
		31EA85C92AE82284003ABC42 /* TodoListViewViewModel.swift in Sources */ = {isa = PBXBuildFile; fileRef = 31EA85C82AE82284003ABC42 /* TodoListViewViewModel.swift */; };
		31EA85CA2AE82284003ABC42 /* TodoListViewViewModel.swift in Sources */ = {isa = PBXBuildFile; fileRef = 31EA85C82AE82284003ABC42 /* TodoListViewViewModel.swift */; };
		31EA85CB2AE82284003ABC42 /* TodoListViewViewModel.swift in Sources */ = {isa = PBXBuildFile; fileRef = 31EA85C82AE82284003ABC42 /* TodoListViewViewModel.swift */; };
		31EA85CD2AE8228E003ABC42 /* NewItemViewViewModel.swift in Sources */ = {isa = PBXBuildFile; fileRef = 31EA85CC2AE8228E003ABC42 /* NewItemViewViewModel.swift */; };
		31EA85CE2AE8228E003ABC42 /* NewItemViewViewModel.swift in Sources */ = {isa = PBXBuildFile; fileRef = 31EA85CC2AE8228E003ABC42 /* NewItemViewViewModel.swift */; };
		31EA85CF2AE8228E003ABC42 /* NewItemViewViewModel.swift in Sources */ = {isa = PBXBuildFile; fileRef = 31EA85CC2AE8228E003ABC42 /* NewItemViewViewModel.swift */; };
		31EA85D12AE82298003ABC42 /* LoginViewViewModel.swift in Sources */ = {isa = PBXBuildFile; fileRef = 31EA85D02AE82298003ABC42 /* LoginViewViewModel.swift */; };
		31EA85D22AE82298003ABC42 /* LoginViewViewModel.swift in Sources */ = {isa = PBXBuildFile; fileRef = 31EA85D02AE82298003ABC42 /* LoginViewViewModel.swift */; };
		31EA85D32AE82298003ABC42 /* LoginViewViewModel.swift in Sources */ = {isa = PBXBuildFile; fileRef = 31EA85D02AE82298003ABC42 /* LoginViewViewModel.swift */; };
		31EA85D52AE822A9003ABC42 /* RegisterViewViewModel.swift in Sources */ = {isa = PBXBuildFile; fileRef = 31EA85D42AE822A9003ABC42 /* RegisterViewViewModel.swift */; };
		31EA85D62AE822A9003ABC42 /* RegisterViewViewModel.swift in Sources */ = {isa = PBXBuildFile; fileRef = 31EA85D42AE822A9003ABC42 /* RegisterViewViewModel.swift */; };
		31EA85D72AE822A9003ABC42 /* RegisterViewViewModel.swift in Sources */ = {isa = PBXBuildFile; fileRef = 31EA85D42AE822A9003ABC42 /* RegisterViewViewModel.swift */; };
		31EA85D92AE822B5003ABC42 /* TodoListItemViewViewModel.swift in Sources */ = {isa = PBXBuildFile; fileRef = 31EA85D82AE822B5003ABC42 /* TodoListItemViewViewModel.swift */; };
		31EA85DA2AE822B5003ABC42 /* TodoListItemViewViewModel.swift in Sources */ = {isa = PBXBuildFile; fileRef = 31EA85D82AE822B5003ABC42 /* TodoListItemViewViewModel.swift */; };
		31EA85DB2AE822B5003ABC42 /* TodoListItemViewViewModel.swift in Sources */ = {isa = PBXBuildFile; fileRef = 31EA85D82AE822B5003ABC42 /* TodoListItemViewViewModel.swift */; };
/* End PBXBuildFile section */

/* Begin PBXContainerItemProxy section */
		31EA856B2AE81880003ABC42 /* PBXContainerItemProxy */ = {
			isa = PBXContainerItemProxy;
			containerPortal = 31EA85522AE8187F003ABC42 /* Project object */;
			proxyType = 1;
			remoteGlobalIDString = 31EA85592AE8187F003ABC42;
			remoteInfo = ToDoList;
		};
		31EA85752AE81880003ABC42 /* PBXContainerItemProxy */ = {
			isa = PBXContainerItemProxy;
			containerPortal = 31EA85522AE8187F003ABC42 /* Project object */;
			proxyType = 1;
			remoteGlobalIDString = 31EA85592AE8187F003ABC42;
			remoteInfo = ToDoList;
		};
/* End PBXContainerItemProxy section */

/* Begin PBXFileReference section */
		31EA855A2AE8187F003ABC42 /* ToDoList.app */ = {isa = PBXFileReference; explicitFileType = wrapper.application; includeInIndex = 0; path = ToDoList.app; sourceTree = BUILT_PRODUCTS_DIR; };
		31EA855D2AE8187F003ABC42 /* ToDoListApp.swift */ = {isa = PBXFileReference; lastKnownFileType = sourcecode.swift; path = ToDoListApp.swift; sourceTree = "<group>"; };
		31EA855F2AE8187F003ABC42 /* MainView.swift */ = {isa = PBXFileReference; lastKnownFileType = sourcecode.swift; path = MainView.swift; sourceTree = "<group>"; };
		31EA85612AE81880003ABC42 /* Assets.xcassets */ = {isa = PBXFileReference; lastKnownFileType = folder.assetcatalog; path = Assets.xcassets; sourceTree = "<group>"; };
		31EA85642AE81880003ABC42 /* Preview Assets.xcassets */ = {isa = PBXFileReference; lastKnownFileType = folder.assetcatalog; path = "Preview Assets.xcassets"; sourceTree = "<group>"; };
		31EA856A2AE81880003ABC42 /* ToDoListTests.xctest */ = {isa = PBXFileReference; explicitFileType = wrapper.cfbundle; includeInIndex = 0; path = ToDoListTests.xctest; sourceTree = BUILT_PRODUCTS_DIR; };
		31EA856E2AE81880003ABC42 /* ToDoListTests.swift */ = {isa = PBXFileReference; lastKnownFileType = sourcecode.swift; path = ToDoListTests.swift; sourceTree = "<group>"; };
		31EA85742AE81880003ABC42 /* ToDoListUITests.xctest */ = {isa = PBXFileReference; explicitFileType = wrapper.cfbundle; includeInIndex = 0; path = ToDoListUITests.xctest; sourceTree = BUILT_PRODUCTS_DIR; };
		31EA85782AE81880003ABC42 /* ToDoListUITests.swift */ = {isa = PBXFileReference; lastKnownFileType = sourcecode.swift; path = ToDoListUITests.swift; sourceTree = "<group>"; };
		31EA857A2AE81880003ABC42 /* ToDoListUITestsLaunchTests.swift */ = {isa = PBXFileReference; lastKnownFileType = sourcecode.swift; path = ToDoListUITestsLaunchTests.swift; sourceTree = "<group>"; };
		31EA85872AE81AD7003ABC42 /* GoogleService-Info.plist */ = {isa = PBXFileReference; fileEncoding = 4; lastKnownFileType = text.plist.xml; path = "GoogleService-Info.plist"; sourceTree = "<group>"; };
		31EA85A02AE82064003ABC42 /* ProfileView.swift */ = {isa = PBXFileReference; lastKnownFileType = sourcecode.swift; path = ProfileView.swift; sourceTree = "<group>"; };
		31EA85A42AE82071003ABC42 /* TodoListView.swift */ = {isa = PBXFileReference; lastKnownFileType = sourcecode.swift; path = TodoListView.swift; sourceTree = "<group>"; };
		31EA85A82AE82084003ABC42 /* NewItemView.swift */ = {isa = PBXFileReference; lastKnownFileType = sourcecode.swift; path = NewItemView.swift; sourceTree = "<group>"; };
		31EA85AC2AE8208E003ABC42 /* LoginView.swift */ = {isa = PBXFileReference; lastKnownFileType = sourcecode.swift; path = LoginView.swift; sourceTree = "<group>"; };
		31EA85B02AE82095003ABC42 /* RegisterView.swift */ = {isa = PBXFileReference; lastKnownFileType = sourcecode.swift; path = RegisterView.swift; sourceTree = "<group>"; };
		31EA85B42AE820BE003ABC42 /* TodoListItemView.swift */ = {isa = PBXFileReference; lastKnownFileType = sourcecode.swift; path = TodoListItemView.swift; sourceTree = "<group>"; };
		31EA85B82AE8223F003ABC42 /* User.swift */ = {isa = PBXFileReference; lastKnownFileType = sourcecode.swift; path = User.swift; sourceTree = "<group>"; };
		31EA85BC2AE82246003ABC42 /* TodoListItem.swift */ = {isa = PBXFileReference; lastKnownFileType = sourcecode.swift; path = TodoListItem.swift; sourceTree = "<group>"; };
		31EA85C02AE82265003ABC42 /* MainViewViewModel.swift */ = {isa = PBXFileReference; lastKnownFileType = sourcecode.swift; path = MainViewViewModel.swift; sourceTree = "<group>"; };
		31EA85C42AE82274003ABC42 /* ProfileViewViewModel.swift */ = {isa = PBXFileReference; lastKnownFileType = sourcecode.swift; path = ProfileViewViewModel.swift; sourceTree = "<group>"; };
		31EA85C82AE82284003ABC42 /* TodoListViewViewModel.swift */ = {isa = PBXFileReference; lastKnownFileType = sourcecode.swift; path = TodoListViewViewModel.swift; sourceTree = "<group>"; };
		31EA85CC2AE8228E003ABC42 /* NewItemViewViewModel.swift */ = {isa = PBXFileReference; lastKnownFileType = sourcecode.swift; path = NewItemViewViewModel.swift; sourceTree = "<group>"; };
		31EA85D02AE82298003ABC42 /* LoginViewViewModel.swift */ = {isa = PBXFileReference; lastKnownFileType = sourcecode.swift; path = LoginViewViewModel.swift; sourceTree = "<group>"; };
		31EA85D42AE822A9003ABC42 /* RegisterViewViewModel.swift */ = {isa = PBXFileReference; lastKnownFileType = sourcecode.swift; path = RegisterViewViewModel.swift; sourceTree = "<group>"; };
		31EA85D82AE822B5003ABC42 /* TodoListItemViewViewModel.swift */ = {isa = PBXFileReference; lastKnownFileType = sourcecode.swift; path = TodoListItemViewViewModel.swift; sourceTree = "<group>"; };
/* End PBXFileReference section */

/* Begin PBXFrameworksBuildPhase section */
		31EA85572AE8187F003ABC42 /* Frameworks */ = {
			isa = PBXFrameworksBuildPhase;
			buildActionMask = 2147483647;
			files = (
				31EA85912AE81B8E003ABC42 /* FirebaseAnalyticsSwift in Frameworks */,
				31EA85972AE81B8E003ABC42 /* FirebaseAuth in Frameworks */,
				31EA858D2AE81B8E003ABC42 /* FirebaseAnalytics in Frameworks */,
				31EA858F2AE81B8E003ABC42 /* FirebaseAnalyticsOnDeviceConversion in Frameworks */,
				31EA85952AE81B8E003ABC42 /* FirebaseAppCheck in Frameworks */,
				31EA85932AE81B8E003ABC42 /* FirebaseAnalyticsWithoutAdIdSupport in Frameworks */,
				31EA85992AE81B8E003ABC42 /* FirebaseFirestore in Frameworks */,
				31EA859B2AE81B8E003ABC42 /* FirebaseFirestoreSwift in Frameworks */,
			);
			runOnlyForDeploymentPostprocessing = 0;
		};
		31EA85672AE81880003ABC42 /* Frameworks */ = {
			isa = PBXFrameworksBuildPhase;
			buildActionMask = 2147483647;
			files = (
			);
			runOnlyForDeploymentPostprocessing = 0;
		};
		31EA85712AE81880003ABC42 /* Frameworks */ = {
			isa = PBXFrameworksBuildPhase;
			buildActionMask = 2147483647;
			files = (
			);
			runOnlyForDeploymentPostprocessing = 0;
		};
/* End PBXFrameworksBuildPhase section */

/* Begin PBXGroup section */
		31EA85512AE8187F003ABC42 = {
			isa = PBXGroup;
			children = (
				31EA855C2AE8187F003ABC42 /* ToDoList */,
				31EA856D2AE81880003ABC42 /* ToDoListTests */,
				31EA85772AE81880003ABC42 /* ToDoListUITests */,
				31EA855B2AE8187F003ABC42 /* Products */,
			);
			sourceTree = "<group>";
		};
		31EA855B2AE8187F003ABC42 /* Products */ = {
			isa = PBXGroup;
			children = (
				31EA855A2AE8187F003ABC42 /* ToDoList.app */,
				31EA856A2AE81880003ABC42 /* ToDoListTests.xctest */,
				31EA85742AE81880003ABC42 /* ToDoListUITests.xctest */,
			);
			name = Products;
			sourceTree = "<group>";
		};
		31EA855C2AE8187F003ABC42 /* ToDoList */ = {
			isa = PBXGroup;
			children = (
				31EA859F2AE81F74003ABC42 /* Other */,
				31EA859E2AE81F6A003ABC42 /* ViewModels */,
				31EA859D2AE81F3F003ABC42 /* Models */,
				31EA859C2AE81F2C003ABC42 /* Views */,
				31EA85632AE81880003ABC42 /* Preview Content */,
			);
			path = ToDoList;
			sourceTree = "<group>";
		};
		31EA85632AE81880003ABC42 /* Preview Content */ = {
			isa = PBXGroup;
			children = (
				31EA85642AE81880003ABC42 /* Preview Assets.xcassets */,
			);
			path = "Preview Content";
			sourceTree = "<group>";
		};
		31EA856D2AE81880003ABC42 /* ToDoListTests */ = {
			isa = PBXGroup;
			children = (
				31EA856E2AE81880003ABC42 /* ToDoListTests.swift */,
			);
			path = ToDoListTests;
			sourceTree = "<group>";
		};
		31EA85772AE81880003ABC42 /* ToDoListUITests */ = {
			isa = PBXGroup;
			children = (
				31EA85782AE81880003ABC42 /* ToDoListUITests.swift */,
				31EA857A2AE81880003ABC42 /* ToDoListUITestsLaunchTests.swift */,
			);
			path = ToDoListUITests;
			sourceTree = "<group>";
		};
		31EA859C2AE81F2C003ABC42 /* Views */ = {
			isa = PBXGroup;
			children = (
				31EA855F2AE8187F003ABC42 /* MainView.swift */,
				31EA85A02AE82064003ABC42 /* ProfileView.swift */,
				31EA85A42AE82071003ABC42 /* TodoListView.swift */,
				31EA85A82AE82084003ABC42 /* NewItemView.swift */,
				31EA85AC2AE8208E003ABC42 /* LoginView.swift */,
				31EA85B02AE82095003ABC42 /* RegisterView.swift */,
				31EA85B42AE820BE003ABC42 /* TodoListItemView.swift */,
			);
			path = Views;
			sourceTree = "<group>";
		};
		31EA859D2AE81F3F003ABC42 /* Models */ = {
			isa = PBXGroup;
			children = (
				31EA85B82AE8223F003ABC42 /* User.swift */,
				31EA85BC2AE82246003ABC42 /* TodoListItem.swift */,
			);
			path = Models;
			sourceTree = "<group>";
		};
		31EA859E2AE81F6A003ABC42 /* ViewModels */ = {
			isa = PBXGroup;
			children = (
				31EA85C02AE82265003ABC42 /* MainViewViewModel.swift */,
				31EA85C42AE82274003ABC42 /* ProfileViewViewModel.swift */,
				31EA85C82AE82284003ABC42 /* TodoListViewViewModel.swift */,
				31EA85CC2AE8228E003ABC42 /* NewItemViewViewModel.swift */,
				31EA85D02AE82298003ABC42 /* LoginViewViewModel.swift */,
				31EA85D42AE822A9003ABC42 /* RegisterViewViewModel.swift */,
				31EA85D82AE822B5003ABC42 /* TodoListItemViewViewModel.swift */,
			);
			path = ViewModels;
			sourceTree = "<group>";
		};
		31EA859F2AE81F74003ABC42 /* Other */ = {
			isa = PBXGroup;
			children = (
				31EA85612AE81880003ABC42 /* Assets.xcassets */,
				31EA85872AE81AD7003ABC42 /* GoogleService-Info.plist */,
				31EA855D2AE8187F003ABC42 /* ToDoListApp.swift */,
			);
			path = Other;
			sourceTree = "<group>";
		};
/* End PBXGroup section */

/* Begin PBXNativeTarget section */
		31EA85592AE8187F003ABC42 /* ToDoList */ = {
			isa = PBXNativeTarget;
			buildConfigurationList = 31EA857E2AE81880003ABC42 /* Build configuration list for PBXNativeTarget "ToDoList" */;
			buildPhases = (
				31EA85562AE8187F003ABC42 /* Sources */,
				31EA85572AE8187F003ABC42 /* Frameworks */,
				31EA85582AE8187F003ABC42 /* Resources */,
			);
			buildRules = (
			);
			dependencies = (
			);
			name = ToDoList;
			packageProductDependencies = (
				31EA858C2AE81B8E003ABC42 /* FirebaseAnalytics */,
				31EA858E2AE81B8E003ABC42 /* FirebaseAnalyticsOnDeviceConversion */,
				31EA85902AE81B8E003ABC42 /* FirebaseAnalyticsSwift */,
				31EA85922AE81B8E003ABC42 /* FirebaseAnalyticsWithoutAdIdSupport */,
				31EA85942AE81B8E003ABC42 /* FirebaseAppCheck */,
				31EA85962AE81B8E003ABC42 /* FirebaseAuth */,
				31EA85982AE81B8E003ABC42 /* FirebaseFirestore */,
				31EA859A2AE81B8E003ABC42 /* FirebaseFirestoreSwift */,
			);
			productName = ToDoList;
			productReference = 31EA855A2AE8187F003ABC42 /* ToDoList.app */;
			productType = "com.apple.product-type.application";
		};
		31EA85692AE81880003ABC42 /* ToDoListTests */ = {
			isa = PBXNativeTarget;
			buildConfigurationList = 31EA85812AE81880003ABC42 /* Build configuration list for PBXNativeTarget "ToDoListTests" */;
			buildPhases = (
				31EA85662AE81880003ABC42 /* Sources */,
				31EA85672AE81880003ABC42 /* Frameworks */,
				31EA85682AE81880003ABC42 /* Resources */,
			);
			buildRules = (
			);
			dependencies = (
				31EA856C2AE81880003ABC42 /* PBXTargetDependency */,
			);
			name = ToDoListTests;
			productName = ToDoListTests;
			productReference = 31EA856A2AE81880003ABC42 /* ToDoListTests.xctest */;
			productType = "com.apple.product-type.bundle.unit-test";
		};
		31EA85732AE81880003ABC42 /* ToDoListUITests */ = {
			isa = PBXNativeTarget;
			buildConfigurationList = 31EA85842AE81880003ABC42 /* Build configuration list for PBXNativeTarget "ToDoListUITests" */;
			buildPhases = (
				31EA85702AE81880003ABC42 /* Sources */,
				31EA85712AE81880003ABC42 /* Frameworks */,
				31EA85722AE81880003ABC42 /* Resources */,
			);
			buildRules = (
			);
			dependencies = (
				31EA85762AE81880003ABC42 /* PBXTargetDependency */,
			);
			name = ToDoListUITests;
			productName = ToDoListUITests;
			productReference = 31EA85742AE81880003ABC42 /* ToDoListUITests.xctest */;
			productType = "com.apple.product-type.bundle.ui-testing";
		};
/* End PBXNativeTarget section */

/* Begin PBXProject section */
		31EA85522AE8187F003ABC42 /* Project object */ = {
			isa = PBXProject;
			attributes = {
				BuildIndependentTargetsInParallel = 1;
				LastSwiftUpdateCheck = 1500;
				LastUpgradeCheck = 1500;
				TargetAttributes = {
					31EA85592AE8187F003ABC42 = {
						CreatedOnToolsVersion = 15.0.1;
					};
					31EA85692AE81880003ABC42 = {
						CreatedOnToolsVersion = 15.0.1;
						TestTargetID = 31EA85592AE8187F003ABC42;
					};
					31EA85732AE81880003ABC42 = {
						CreatedOnToolsVersion = 15.0.1;
						TestTargetID = 31EA85592AE8187F003ABC42;
					};
				};
			};
			buildConfigurationList = 31EA85552AE8187F003ABC42 /* Build configuration list for PBXProject "ToDoList" */;
			compatibilityVersion = "Xcode 14.0";
			developmentRegion = en;
			hasScannedForEncodings = 0;
			knownRegions = (
				en,
				Base,
			);
			mainGroup = 31EA85512AE8187F003ABC42;
			packageReferences = (
				31EA858B2AE81B8E003ABC42 /* XCRemoteSwiftPackageReference "firebase-ios-sdk" */,
			);
			productRefGroup = 31EA855B2AE8187F003ABC42 /* Products */;
			projectDirPath = "";
			projectRoot = "";
			targets = (
				31EA85592AE8187F003ABC42 /* ToDoList */,
				31EA85692AE81880003ABC42 /* ToDoListTests */,
				31EA85732AE81880003ABC42 /* ToDoListUITests */,
			);
		};
/* End PBXProject section */

/* Begin PBXResourcesBuildPhase section */
		31EA85582AE8187F003ABC42 /* Resources */ = {
			isa = PBXResourcesBuildPhase;
			buildActionMask = 2147483647;
			files = (
				31EA85652AE81880003ABC42 /* Preview Assets.xcassets in Resources */,
				31EA85622AE81880003ABC42 /* Assets.xcassets in Resources */,
				31EA85882AE81AD7003ABC42 /* GoogleService-Info.plist in Resources */,
			);
			runOnlyForDeploymentPostprocessing = 0;
		};
		31EA85682AE81880003ABC42 /* Resources */ = {
			isa = PBXResourcesBuildPhase;
			buildActionMask = 2147483647;
			files = (
				31EA85892AE81AD7003ABC42 /* GoogleService-Info.plist in Resources */,
			);
			runOnlyForDeploymentPostprocessing = 0;
		};
		31EA85722AE81880003ABC42 /* Resources */ = {
			isa = PBXResourcesBuildPhase;
			buildActionMask = 2147483647;
			files = (
				31EA858A2AE81AD7003ABC42 /* GoogleService-Info.plist in Resources */,
			);
			runOnlyForDeploymentPostprocessing = 0;
		};
/* End PBXResourcesBuildPhase section */

/* Begin PBXSourcesBuildPhase section */
		31EA85562AE8187F003ABC42 /* Sources */ = {
			isa = PBXSourcesBuildPhase;
			buildActionMask = 2147483647;
			files = (
				31EA85BD2AE82246003ABC42 /* TodoListItem.swift in Sources */,
				31EA85D92AE822B5003ABC42 /* TodoListItemViewViewModel.swift in Sources */,
				31EA85AD2AE8208E003ABC42 /* LoginView.swift in Sources */,
				31EA85D52AE822A9003ABC42 /* RegisterViewViewModel.swift in Sources */,
				31EA85C12AE82265003ABC42 /* MainViewViewModel.swift in Sources */,
				31EA85602AE8187F003ABC42 /* MainView.swift in Sources */,
				31EA85A52AE82071003ABC42 /* TodoListView.swift in Sources */,
				31EA85C52AE82274003ABC42 /* ProfileViewViewModel.swift in Sources */,
				31EA85B12AE82095003ABC42 /* RegisterView.swift in Sources */,
				31EA85A12AE82064003ABC42 /* ProfileView.swift in Sources */,
				31EA85C92AE82284003ABC42 /* TodoListViewViewModel.swift in Sources */,
				31EA85B92AE8223F003ABC42 /* User.swift in Sources */,
				31EA85D12AE82298003ABC42 /* LoginViewViewModel.swift in Sources */,
				31EA85B52AE820BE003ABC42 /* TodoListItemView.swift in Sources */,
				31EA855E2AE8187F003ABC42 /* ToDoListApp.swift in Sources */,
				31EA85A92AE82084003ABC42 /* NewItemView.swift in Sources */,
				31EA85CD2AE8228E003ABC42 /* NewItemViewViewModel.swift in Sources */,
			);
			runOnlyForDeploymentPostprocessing = 0;
		};
		31EA85662AE81880003ABC42 /* Sources */ = {
			isa = PBXSourcesBuildPhase;
			buildActionMask = 2147483647;
			files = (
				31EA85AA2AE82084003ABC42 /* NewItemView.swift in Sources */,
				31EA85D22AE82298003ABC42 /* LoginViewViewModel.swift in Sources */,
				31EA85DA2AE822B5003ABC42 /* TodoListItemViewViewModel.swift in Sources */,
				31EA85A22AE82064003ABC42 /* ProfileView.swift in Sources */,
				31EA85A62AE82071003ABC42 /* TodoListView.swift in Sources */,
				31EA85CE2AE8228E003ABC42 /* NewItemViewViewModel.swift in Sources */,
				31EA85D62AE822A9003ABC42 /* RegisterViewViewModel.swift in Sources */,
				31EA85CA2AE82284003ABC42 /* TodoListViewViewModel.swift in Sources */,
				31EA85BE2AE82246003ABC42 /* TodoListItem.swift in Sources */,
				31EA85B22AE82095003ABC42 /* RegisterView.swift in Sources */,
				31EA85BA2AE8223F003ABC42 /* User.swift in Sources */,
				31EA85AE2AE8208E003ABC42 /* LoginView.swift in Sources */,
				31EA85C62AE82274003ABC42 /* ProfileViewViewModel.swift in Sources */,
				31EA85B62AE820BE003ABC42 /* TodoListItemView.swift in Sources */,
				31EA85C22AE82265003ABC42 /* MainViewViewModel.swift in Sources */,
				31EA856F2AE81880003ABC42 /* ToDoListTests.swift in Sources */,
			);
			runOnlyForDeploymentPostprocessing = 0;
		};
		31EA85702AE81880003ABC42 /* Sources */ = {
			isa = PBXSourcesBuildPhase;
			buildActionMask = 2147483647;
			files = (
				31EA85BF2AE82246003ABC42 /* TodoListItem.swift in Sources */,
				31EA85DB2AE822B5003ABC42 /* TodoListItemViewViewModel.swift in Sources */,
				31EA85AF2AE8208E003ABC42 /* LoginView.swift in Sources */,
				31EA85D72AE822A9003ABC42 /* RegisterViewViewModel.swift in Sources */,
				31EA85C32AE82265003ABC42 /* MainViewViewModel.swift in Sources */,
				31EA857B2AE81880003ABC42 /* ToDoListUITestsLaunchTests.swift in Sources */,
				31EA85A72AE82071003ABC42 /* TodoListView.swift in Sources */,
				31EA85C72AE82274003ABC42 /* ProfileViewViewModel.swift in Sources */,
				31EA85B32AE82095003ABC42 /* RegisterView.swift in Sources */,
				31EA85A32AE82064003ABC42 /* ProfileView.swift in Sources */,
				31EA85CB2AE82284003ABC42 /* TodoListViewViewModel.swift in Sources */,
				31EA85BB2AE8223F003ABC42 /* User.swift in Sources */,
				31EA85D32AE82298003ABC42 /* LoginViewViewModel.swift in Sources */,
				31EA85B72AE820BE003ABC42 /* TodoListItemView.swift in Sources */,
				31EA85792AE81880003ABC42 /* ToDoListUITests.swift in Sources */,
				31EA85AB2AE82084003ABC42 /* NewItemView.swift in Sources */,
				31EA85CF2AE8228E003ABC42 /* NewItemViewViewModel.swift in Sources */,
			);
			runOnlyForDeploymentPostprocessing = 0;
		};
/* End PBXSourcesBuildPhase section */

/* Begin PBXTargetDependency section */
		31EA856C2AE81880003ABC42 /* PBXTargetDependency */ = {
			isa = PBXTargetDependency;
			target = 31EA85592AE8187F003ABC42 /* ToDoList */;
			targetProxy = 31EA856B2AE81880003ABC42 /* PBXContainerItemProxy */;
		};
		31EA85762AE81880003ABC42 /* PBXTargetDependency */ = {
			isa = PBXTargetDependency;
			target = 31EA85592AE8187F003ABC42 /* ToDoList */;
			targetProxy = 31EA85752AE81880003ABC42 /* PBXContainerItemProxy */;
		};
/* End PBXTargetDependency section */

/* Begin XCBuildConfiguration section */
		31EA857C2AE81880003ABC42 /* Debug */ = {
			isa = XCBuildConfiguration;
			buildSettings = {
				ALWAYS_SEARCH_USER_PATHS = NO;
				ASSETCATALOG_COMPILER_GENERATE_SWIFT_ASSET_SYMBOL_EXTENSIONS = YES;
				CLANG_ANALYZER_NONNULL = YES;
				CLANG_ANALYZER_NUMBER_OBJECT_CONVERSION = YES_AGGRESSIVE;
				CLANG_CXX_LANGUAGE_STANDARD = "gnu++20";
				CLANG_ENABLE_MODULES = YES;
				CLANG_ENABLE_OBJC_ARC = YES;
				CLANG_ENABLE_OBJC_WEAK = YES;
				CLANG_WARN_BLOCK_CAPTURE_AUTORELEASING = YES;
				CLANG_WARN_BOOL_CONVERSION = YES;
				CLANG_WARN_COMMA = YES;
				CLANG_WARN_CONSTANT_CONVERSION = YES;
				CLANG_WARN_DEPRECATED_OBJC_IMPLEMENTATIONS = YES;
				CLANG_WARN_DIRECT_OBJC_ISA_USAGE = YES_ERROR;
				CLANG_WARN_DOCUMENTATION_COMMENTS = YES;
				CLANG_WARN_EMPTY_BODY = YES;
				CLANG_WARN_ENUM_CONVERSION = YES;
				CLANG_WARN_INFINITE_RECURSION = YES;
				CLANG_WARN_INT_CONVERSION = YES;
				CLANG_WARN_NON_LITERAL_NULL_CONVERSION = YES;
				CLANG_WARN_OBJC_IMPLICIT_RETAIN_SELF = YES;
				CLANG_WARN_OBJC_LITERAL_CONVERSION = YES;
				CLANG_WARN_OBJC_ROOT_CLASS = YES_ERROR;
				CLANG_WARN_QUOTED_INCLUDE_IN_FRAMEWORK_HEADER = YES;
				CLANG_WARN_RANGE_LOOP_ANALYSIS = YES;
				CLANG_WARN_STRICT_PROTOTYPES = YES;
				CLANG_WARN_SUSPICIOUS_MOVE = YES;
				CLANG_WARN_UNGUARDED_AVAILABILITY = YES_AGGRESSIVE;
				CLANG_WARN_UNREACHABLE_CODE = YES;
				CLANG_WARN__DUPLICATE_METHOD_MATCH = YES;
				COPY_PHASE_STRIP = NO;
				DEBUG_INFORMATION_FORMAT = dwarf;
				ENABLE_STRICT_OBJC_MSGSEND = YES;
				ENABLE_TESTABILITY = YES;
				ENABLE_USER_SCRIPT_SANDBOXING = YES;
				GCC_C_LANGUAGE_STANDARD = gnu17;
				GCC_DYNAMIC_NO_PIC = NO;
				GCC_NO_COMMON_BLOCKS = YES;
				GCC_OPTIMIZATION_LEVEL = 0;
				GCC_PREPROCESSOR_DEFINITIONS = (
					"DEBUG=1",
					"$(inherited)",
				);
				GCC_WARN_64_TO_32_BIT_CONVERSION = YES;
				GCC_WARN_ABOUT_RETURN_TYPE = YES_ERROR;
				GCC_WARN_UNDECLARED_SELECTOR = YES;
				GCC_WARN_UNINITIALIZED_AUTOS = YES_AGGRESSIVE;
				GCC_WARN_UNUSED_FUNCTION = YES;
				GCC_WARN_UNUSED_VARIABLE = YES;
				IPHONEOS_DEPLOYMENT_TARGET = 17.0;
				LOCALIZATION_PREFERS_STRING_CATALOGS = YES;
				MTL_ENABLE_DEBUG_INFO = INCLUDE_SOURCE;
				MTL_FAST_MATH = YES;
				ONLY_ACTIVE_ARCH = YES;
				SDKROOT = iphoneos;
				SWIFT_ACTIVE_COMPILATION_CONDITIONS = "DEBUG $(inherited)";
				SWIFT_OPTIMIZATION_LEVEL = "-Onone";
			};
			name = Debug;
		};
		31EA857D2AE81880003ABC42 /* Release */ = {
			isa = XCBuildConfiguration;
			buildSettings = {
				ALWAYS_SEARCH_USER_PATHS = NO;
				ASSETCATALOG_COMPILER_GENERATE_SWIFT_ASSET_SYMBOL_EXTENSIONS = YES;
				CLANG_ANALYZER_NONNULL = YES;
				CLANG_ANALYZER_NUMBER_OBJECT_CONVERSION = YES_AGGRESSIVE;
				CLANG_CXX_LANGUAGE_STANDARD = "gnu++20";
				CLANG_ENABLE_MODULES = YES;
				CLANG_ENABLE_OBJC_ARC = YES;
				CLANG_ENABLE_OBJC_WEAK = YES;
				CLANG_WARN_BLOCK_CAPTURE_AUTORELEASING = YES;
				CLANG_WARN_BOOL_CONVERSION = YES;
				CLANG_WARN_COMMA = YES;
				CLANG_WARN_CONSTANT_CONVERSION = YES;
				CLANG_WARN_DEPRECATED_OBJC_IMPLEMENTATIONS = YES;
				CLANG_WARN_DIRECT_OBJC_ISA_USAGE = YES_ERROR;
				CLANG_WARN_DOCUMENTATION_COMMENTS = YES;
				CLANG_WARN_EMPTY_BODY = YES;
				CLANG_WARN_ENUM_CONVERSION = YES;
				CLANG_WARN_INFINITE_RECURSION = YES;
				CLANG_WARN_INT_CONVERSION = YES;
				CLANG_WARN_NON_LITERAL_NULL_CONVERSION = YES;
				CLANG_WARN_OBJC_IMPLICIT_RETAIN_SELF = YES;
				CLANG_WARN_OBJC_LITERAL_CONVERSION = YES;
				CLANG_WARN_OBJC_ROOT_CLASS = YES_ERROR;
				CLANG_WARN_QUOTED_INCLUDE_IN_FRAMEWORK_HEADER = YES;
				CLANG_WARN_RANGE_LOOP_ANALYSIS = YES;
				CLANG_WARN_STRICT_PROTOTYPES = YES;
				CLANG_WARN_SUSPICIOUS_MOVE = YES;
				CLANG_WARN_UNGUARDED_AVAILABILITY = YES_AGGRESSIVE;
				CLANG_WARN_UNREACHABLE_CODE = YES;
				CLANG_WARN__DUPLICATE_METHOD_MATCH = YES;
				COPY_PHASE_STRIP = NO;
				DEBUG_INFORMATION_FORMAT = "dwarf-with-dsym";
				ENABLE_NS_ASSERTIONS = NO;
				ENABLE_STRICT_OBJC_MSGSEND = YES;
				ENABLE_USER_SCRIPT_SANDBOXING = YES;
				GCC_C_LANGUAGE_STANDARD = gnu17;
				GCC_NO_COMMON_BLOCKS = YES;
				GCC_WARN_64_TO_32_BIT_CONVERSION = YES;
				GCC_WARN_ABOUT_RETURN_TYPE = YES_ERROR;
				GCC_WARN_UNDECLARED_SELECTOR = YES;
				GCC_WARN_UNINITIALIZED_AUTOS = YES_AGGRESSIVE;
				GCC_WARN_UNUSED_FUNCTION = YES;
				GCC_WARN_UNUSED_VARIABLE = YES;
				IPHONEOS_DEPLOYMENT_TARGET = 17.0;
				LOCALIZATION_PREFERS_STRING_CATALOGS = YES;
				MTL_ENABLE_DEBUG_INFO = NO;
				MTL_FAST_MATH = YES;
				SDKROOT = iphoneos;
				SWIFT_COMPILATION_MODE = wholemodule;
				VALIDATE_PRODUCT = YES;
			};
			name = Release;
		};
		31EA857F2AE81880003ABC42 /* Debug */ = {
			isa = XCBuildConfiguration;
			buildSettings = {
				ASSETCATALOG_COMPILER_APPICON_NAME = AppIcon;
				ASSETCATALOG_COMPILER_GLOBAL_ACCENT_COLOR_NAME = AccentColor;
				CODE_SIGN_STYLE = Automatic;
				CURRENT_PROJECT_VERSION = 1;
				DEVELOPMENT_ASSET_PATHS = "\"ToDoList/Preview Content\"";
				DEVELOPMENT_TEAM = 9LUMJK3CLT;
				ENABLE_PREVIEWS = YES;
				GENERATE_INFOPLIST_FILE = YES;
				INFOPLIST_KEY_CFBundleDisplayName = "Todo List";
				INFOPLIST_KEY_UIApplicationSceneManifest_Generation = YES;
				INFOPLIST_KEY_UIApplicationSupportsIndirectInputEvents = YES;
				INFOPLIST_KEY_UILaunchScreen_Generation = YES;
				INFOPLIST_KEY_UISupportedInterfaceOrientations = UIInterfaceOrientationPortrait;
				LD_RUNPATH_SEARCH_PATHS = (
					"$(inherited)",
					"@executable_path/Frameworks",
				);
				MARKETING_VERSION = 1.0;
				PRODUCT_BUNDLE_IDENTIFIER = com.nikita.tikhonov.ToDoList;
				PRODUCT_NAME = "$(TARGET_NAME)";
				SWIFT_EMIT_LOC_STRINGS = YES;
				SWIFT_VERSION = 5.0;
				TARGETED_DEVICE_FAMILY = "1,2";
			};
			name = Debug;
		};
		31EA85802AE81880003ABC42 /* Release */ = {
			isa = XCBuildConfiguration;
			buildSettings = {
				ASSETCATALOG_COMPILER_APPICON_NAME = AppIcon;
				ASSETCATALOG_COMPILER_GLOBAL_ACCENT_COLOR_NAME = AccentColor;
				CODE_SIGN_STYLE = Automatic;
				CURRENT_PROJECT_VERSION = 1;
				DEVELOPMENT_ASSET_PATHS = "\"ToDoList/Preview Content\"";
				DEVELOPMENT_TEAM = 9LUMJK3CLT;
				ENABLE_PREVIEWS = YES;
				GENERATE_INFOPLIST_FILE = YES;
				INFOPLIST_KEY_CFBundleDisplayName = "Todo List";
				INFOPLIST_KEY_UIApplicationSceneManifest_Generation = YES;
				INFOPLIST_KEY_UIApplicationSupportsIndirectInputEvents = YES;
				INFOPLIST_KEY_UILaunchScreen_Generation = YES;
				INFOPLIST_KEY_UISupportedInterfaceOrientations = UIInterfaceOrientationPortrait;
				LD_RUNPATH_SEARCH_PATHS = (
					"$(inherited)",
					"@executable_path/Frameworks",
				);
				MARKETING_VERSION = 1.0;
				PRODUCT_BUNDLE_IDENTIFIER = com.nikita.tikhonov.ToDoList;
				PRODUCT_NAME = "$(TARGET_NAME)";
				SWIFT_EMIT_LOC_STRINGS = YES;
				SWIFT_VERSION = 5.0;
				TARGETED_DEVICE_FAMILY = "1,2";
			};
			name = Release;
		};
		31EA85822AE81880003ABC42 /* Debug */ = {
			isa = XCBuildConfiguration;
			buildSettings = {
				ALWAYS_EMBED_SWIFT_STANDARD_LIBRARIES = YES;
				BUNDLE_LOADER = "$(TEST_HOST)";
				CODE_SIGN_STYLE = Automatic;
				CURRENT_PROJECT_VERSION = 1;
				DEVELOPMENT_TEAM = 9LUMJK3CLT;
				GENERATE_INFOPLIST_FILE = YES;
				IPHONEOS_DEPLOYMENT_TARGET = 17.0;
				MARKETING_VERSION = 1.0;
				PRODUCT_BUNDLE_IDENTIFIER = com.nikita.tikhonov.ToDoListTests;
				PRODUCT_NAME = "$(TARGET_NAME)";
				SWIFT_EMIT_LOC_STRINGS = NO;
				SWIFT_VERSION = 5.0;
				TARGETED_DEVICE_FAMILY = "1,2";
				TEST_HOST = "$(BUILT_PRODUCTS_DIR)/ToDoList.app/$(BUNDLE_EXECUTABLE_FOLDER_PATH)/ToDoList";
			};
			name = Debug;
		};
		31EA85832AE81880003ABC42 /* Release */ = {
			isa = XCBuildConfiguration;
			buildSettings = {
				ALWAYS_EMBED_SWIFT_STANDARD_LIBRARIES = YES;
				BUNDLE_LOADER = "$(TEST_HOST)";
				CODE_SIGN_STYLE = Automatic;
				CURRENT_PROJECT_VERSION = 1;
				DEVELOPMENT_TEAM = 9LUMJK3CLT;
				GENERATE_INFOPLIST_FILE = YES;
				IPHONEOS_DEPLOYMENT_TARGET = 17.0;
				MARKETING_VERSION = 1.0;
				PRODUCT_BUNDLE_IDENTIFIER = com.nikita.tikhonov.ToDoListTests;
				PRODUCT_NAME = "$(TARGET_NAME)";
				SWIFT_EMIT_LOC_STRINGS = NO;
				SWIFT_VERSION = 5.0;
				TARGETED_DEVICE_FAMILY = "1,2";
				TEST_HOST = "$(BUILT_PRODUCTS_DIR)/ToDoList.app/$(BUNDLE_EXECUTABLE_FOLDER_PATH)/ToDoList";
			};
			name = Release;
		};
		31EA85852AE81880003ABC42 /* Debug */ = {
			isa = XCBuildConfiguration;
			buildSettings = {
				ALWAYS_EMBED_SWIFT_STANDARD_LIBRARIES = YES;
				CODE_SIGN_STYLE = Automatic;
				CURRENT_PROJECT_VERSION = 1;
				DEVELOPMENT_TEAM = 9LUMJK3CLT;
				GENERATE_INFOPLIST_FILE = YES;
				MARKETING_VERSION = 1.0;
				PRODUCT_BUNDLE_IDENTIFIER = com.nikita.tikhonov.ToDoListUITests;
				PRODUCT_NAME = "$(TARGET_NAME)";
				SWIFT_EMIT_LOC_STRINGS = NO;
				SWIFT_VERSION = 5.0;
				TARGETED_DEVICE_FAMILY = "1,2";
				TEST_TARGET_NAME = ToDoList;
			};
			name = Debug;
		};
		31EA85862AE81880003ABC42 /* Release */ = {
			isa = XCBuildConfiguration;
			buildSettings = {
				ALWAYS_EMBED_SWIFT_STANDARD_LIBRARIES = YES;
				CODE_SIGN_STYLE = Automatic;
				CURRENT_PROJECT_VERSION = 1;
				DEVELOPMENT_TEAM = 9LUMJK3CLT;
				GENERATE_INFOPLIST_FILE = YES;
				MARKETING_VERSION = 1.0;
				PRODUCT_BUNDLE_IDENTIFIER = com.nikita.tikhonov.ToDoListUITests;
				PRODUCT_NAME = "$(TARGET_NAME)";
				SWIFT_EMIT_LOC_STRINGS = NO;
				SWIFT_VERSION = 5.0;
				TARGETED_DEVICE_FAMILY = "1,2";
				TEST_TARGET_NAME = ToDoList;
			};
			name = Release;
		};
/* End XCBuildConfiguration section */

/* Begin XCConfigurationList section */
		31EA85552AE8187F003ABC42 /* Build configuration list for PBXProject "ToDoList" */ = {
			isa = XCConfigurationList;
			buildConfigurations = (
				31EA857C2AE81880003ABC42 /* Debug */,
				31EA857D2AE81880003ABC42 /* Release */,
			);
			defaultConfigurationIsVisible = 0;
			defaultConfigurationName = Release;
		};
		31EA857E2AE81880003ABC42 /* Build configuration list for PBXNativeTarget "ToDoList" */ = {
			isa = XCConfigurationList;
			buildConfigurations = (
				31EA857F2AE81880003ABC42 /* Debug */,
				31EA85802AE81880003ABC42 /* Release */,
			);
			defaultConfigurationIsVisible = 0;
			defaultConfigurationName = Release;
		};
		31EA85812AE81880003ABC42 /* Build configuration list for PBXNativeTarget "ToDoListTests" */ = {
			isa = XCConfigurationList;
			buildConfigurations = (
				31EA85822AE81880003ABC42 /* Debug */,
				31EA85832AE81880003ABC42 /* Release */,
			);
			defaultConfigurationIsVisible = 0;
			defaultConfigurationName = Release;
		};
		31EA85842AE81880003ABC42 /* Build configuration list for PBXNativeTarget "ToDoListUITests" */ = {
			isa = XCConfigurationList;
			buildConfigurations = (
				31EA85852AE81880003ABC42 /* Debug */,
				31EA85862AE81880003ABC42 /* Release */,
			);
			defaultConfigurationIsVisible = 0;
			defaultConfigurationName = Release;
		};
/* End XCConfigurationList section */

/* Begin XCRemoteSwiftPackageReference section */
		31EA858B2AE81B8E003ABC42 /* XCRemoteSwiftPackageReference "firebase-ios-sdk" */ = {
			isa = XCRemoteSwiftPackageReference;
			repositoryURL = "https://github.com/firebase/firebase-ios-sdk";
			requirement = {
				kind = upToNextMajorVersion;
				minimumVersion = 10.16.0;
			};
		};
/* End XCRemoteSwiftPackageReference section */

/* Begin XCSwiftPackageProductDependency section */
		31EA858C2AE81B8E003ABC42 /* FirebaseAnalytics */ = {
			isa = XCSwiftPackageProductDependency;
			package = 31EA858B2AE81B8E003ABC42 /* XCRemoteSwiftPackageReference "firebase-ios-sdk" */;
			productName = FirebaseAnalytics;
		};
		31EA858E2AE81B8E003ABC42 /* FirebaseAnalyticsOnDeviceConversion */ = {
			isa = XCSwiftPackageProductDependency;
			package = 31EA858B2AE81B8E003ABC42 /* XCRemoteSwiftPackageReference "firebase-ios-sdk" */;
			productName = FirebaseAnalyticsOnDeviceConversion;
		};
		31EA85902AE81B8E003ABC42 /* FirebaseAnalyticsSwift */ = {
			isa = XCSwiftPackageProductDependency;
			package = 31EA858B2AE81B8E003ABC42 /* XCRemoteSwiftPackageReference "firebase-ios-sdk" */;
			productName = FirebaseAnalyticsSwift;
		};
		31EA85922AE81B8E003ABC42 /* FirebaseAnalyticsWithoutAdIdSupport */ = {
			isa = XCSwiftPackageProductDependency;
			package = 31EA858B2AE81B8E003ABC42 /* XCRemoteSwiftPackageReference "firebase-ios-sdk" */;
			productName = FirebaseAnalyticsWithoutAdIdSupport;
		};
		31EA85942AE81B8E003ABC42 /* FirebaseAppCheck */ = {
			isa = XCSwiftPackageProductDependency;
			package = 31EA858B2AE81B8E003ABC42 /* XCRemoteSwiftPackageReference "firebase-ios-sdk" */;
			productName = FirebaseAppCheck;
		};
		31EA85962AE81B8E003ABC42 /* FirebaseAuth */ = {
			isa = XCSwiftPackageProductDependency;
			package = 31EA858B2AE81B8E003ABC42 /* XCRemoteSwiftPackageReference "firebase-ios-sdk" */;
			productName = FirebaseAuth;
		};
		31EA85982AE81B8E003ABC42 /* FirebaseFirestore */ = {
			isa = XCSwiftPackageProductDependency;
			package = 31EA858B2AE81B8E003ABC42 /* XCRemoteSwiftPackageReference "firebase-ios-sdk" */;
			productName = FirebaseFirestore;
		};
		31EA859A2AE81B8E003ABC42 /* FirebaseFirestoreSwift */ = {
			isa = XCSwiftPackageProductDependency;
			package = 31EA858B2AE81B8E003ABC42 /* XCRemoteSwiftPackageReference "firebase-ios-sdk" */;
			productName = FirebaseFirestoreSwift;
		};
/* End XCSwiftPackageProductDependency section */
	};
	rootObject = 31EA85522AE8187F003ABC42 /* Project object */;
}
